
Microsoft Visual Studio Solution File, Format Version 12.00
# Visual Studio Version 16
VisualStudioVersion = 16.0.29509.3
MinimumVisualStudioVersion = 10.0.40219.1
Project("{FAE04EC0-301F-11D3-BF4B-00C04F79EFBC}") = "WebAppSlots2", "WebAppSlots2\WebAppSlots2.csproj", "{D299362E-974B-43AC-BFDF-EFBC0E64B644}"
EndProject
Global
	GlobalSection(SolutionConfigurationPlatforms) = preSolution
		Debug|Any CPU = Debug|Any CPU
		Release|Any CPU = Release|Any CPU
	EndGlobalSection
	GlobalSection(ProjectConfigurationPlatforms) = postSolution
		{D299362E-974B-43AC-BFDF-EFBC0E64B644}.Debug|Any CPU.ActiveCfg = Debug|Any CPU
		{D299362E-974B-43AC-BFDF-EFBC0E64B644}.Debug|Any CPU.Build.0 = Debug|Any CPU
		{D299362E-974B-43AC-BFDF-EFBC0E64B644}.Release|Any CPU.ActiveCfg = Release|Any CPU
		{D299362E-974B-43AC-BFDF-EFBC0E64B644}.Release|Any CPU.Build.0 = Release|Any CPU
	EndGlobalSection
	GlobalSection(SolutionProperties) = preSolution
		HideSolutionNode = FALSE
	EndGlobalSection
	GlobalSection(ExtensibilityGlobals) = postSolution
		SolutionGuid = {384E461B-BEFD-4F46-A3EB-62C058CF151A}
	EndGlobalSection
EndGlobal
